
Microsoft Visual Studio Solution File, Format Version 12.00
# Visual Studio 15
VisualStudioVersion = 15.0.27004.2009
MinimumVisualStudioVersion = 10.0.40219.1
Project("{FAE04EC0-301F-11D3-BF4B-00C04F79EFBC}") = "Alus", "Alus\Alus.csproj", "{F0D688E7-AE57-49CB-8F63-A6FA559DD4D3}"
EndProject
Project("{2150E333-8FDC-42A3-9474-1A3956D46DE8}") = "Solution Items", "Solution Items", "{F92D71AA-D3A7-4CC6-A689-2010B5ACF203}"
	ProjectSection(SolutionItems) = preProject
		TestSettings1.testsettings = TestSettings1.testsettings
	EndProjectSection
EndProject
Project("{FAE04EC0-301F-11D3-BF4B-00C04F79EFBC}") = "Alus.Tests", "Alus.Tests\Alus.Tests.csproj", "{F82E9CDB-6147-4E31-B586-630CDD73DCA7}"
EndProject
Project("{FAE04EC0-301F-11D3-BF4B-00C04F79EFBC}") = "BeerApplication", "BeerApplication\BeerApplication.csproj", "{6A780F38-9B4D-4B08-A502-38B0941F248E}"
EndProject
Project("{9A19103F-16F7-4668-BE54-9A1E7A4F7556}") = "Alus.WebService", "Alus.WebService\Alus.WebService.csproj", "{314FD3F9-FFAC-4873-8558-9B5CB3E99732}"
EndProject
Project("{FAE04EC0-301F-11D3-BF4B-00C04F79EFBC}") = "Alus.Core", "Alus.Core\Alus.Core.csproj", "{D719574F-55A8-43E7-BF12-89FFB29CE494}"
EndProject
Project("{FAE04EC0-301F-11D3-BF4B-00C04F79EFBC}") = "Alus.Client", "Alus.Client\Alus.Client.csproj", "{ADA2788C-7EB5-47B0-84F2-8B420B77356B}"
EndProject
Project("{FAE04EC0-301F-11D3-BF4B-00C04F79EFBC}") = "Alus.Console", "Alus.Console\Alus.Console.csproj", "{F50D171B-E602-40C8-ACD8-5F63EC6FD951}"
EndProject
Global
	GlobalSection(SolutionConfigurationPlatforms) = preSolution
		Ad-Hoc|Any CPU = Ad-Hoc|Any CPU
		Ad-Hoc|iPhone = Ad-Hoc|iPhone
		Ad-Hoc|iPhoneSimulator = Ad-Hoc|iPhoneSimulator
		Ad-Hoc|x64 = Ad-Hoc|x64
		Ad-Hoc|x86 = Ad-Hoc|x86
		AppStore|Any CPU = AppStore|Any CPU
		AppStore|iPhone = AppStore|iPhone
		AppStore|iPhoneSimulator = AppStore|iPhoneSimulator
		AppStore|x64 = AppStore|x64
		AppStore|x86 = AppStore|x86
		Debug|Any CPU = Debug|Any CPU
		Debug|iPhone = Debug|iPhone
		Debug|iPhoneSimulator = Debug|iPhoneSimulator
		Debug|x64 = Debug|x64
		Debug|x86 = Debug|x86
		Release|Any CPU = Release|Any CPU
		Release|iPhone = Release|iPhone
		Release|iPhoneSimulator = Release|iPhoneSimulator
		Release|x64 = Release|x64
		Release|x86 = Release|x86
	EndGlobalSection
	GlobalSection(ProjectConfigurationPlatforms) = postSolution
		{F0D688E7-AE57-49CB-8F63-A6FA559DD4D3}.Ad-Hoc|Any CPU.ActiveCfg = Debug|Any CPU
		{F0D688E7-AE57-49CB-8F63-A6FA559DD4D3}.Ad-Hoc|Any CPU.Build.0 = Debug|Any CPU
		{F0D688E7-AE57-49CB-8F63-A6FA559DD4D3}.Ad-Hoc|iPhone.ActiveCfg = Debug|Any CPU
		{F0D688E7-AE57-49CB-8F63-A6FA559DD4D3}.Ad-Hoc|iPhone.Build.0 = Debug|Any CPU
		{F0D688E7-AE57-49CB-8F63-A6FA559DD4D3}.Ad-Hoc|iPhoneSimulator.ActiveCfg = Debug|Any CPU
		{F0D688E7-AE57-49CB-8F63-A6FA559DD4D3}.Ad-Hoc|iPhoneSimulator.Build.0 = Debug|Any CPU
		{F0D688E7-AE57-49CB-8F63-A6FA559DD4D3}.Ad-Hoc|x64.ActiveCfg = Release|x64
		{F0D688E7-AE57-49CB-8F63-A6FA559DD4D3}.Ad-Hoc|x64.Build.0 = Release|x64
		{F0D688E7-AE57-49CB-8F63-A6FA559DD4D3}.Ad-Hoc|x86.ActiveCfg = Release|x86
		{F0D688E7-AE57-49CB-8F63-A6FA559DD4D3}.Ad-Hoc|x86.Build.0 = Release|x86
		{F0D688E7-AE57-49CB-8F63-A6FA559DD4D3}.AppStore|Any CPU.ActiveCfg = Debug|Any CPU
		{F0D688E7-AE57-49CB-8F63-A6FA559DD4D3}.AppStore|Any CPU.Build.0 = Debug|Any CPU
		{F0D688E7-AE57-49CB-8F63-A6FA559DD4D3}.AppStore|iPhone.ActiveCfg = Debug|Any CPU
		{F0D688E7-AE57-49CB-8F63-A6FA559DD4D3}.AppStore|iPhone.Build.0 = Debug|Any CPU
		{F0D688E7-AE57-49CB-8F63-A6FA559DD4D3}.AppStore|iPhoneSimulator.ActiveCfg = Debug|Any CPU
		{F0D688E7-AE57-49CB-8F63-A6FA559DD4D3}.AppStore|iPhoneSimulator.Build.0 = Debug|Any CPU
		{F0D688E7-AE57-49CB-8F63-A6FA559DD4D3}.AppStore|x64.ActiveCfg = Release|x64
		{F0D688E7-AE57-49CB-8F63-A6FA559DD4D3}.AppStore|x64.Build.0 = Release|x64
		{F0D688E7-AE57-49CB-8F63-A6FA559DD4D3}.AppStore|x86.ActiveCfg = Release|x86
		{F0D688E7-AE57-49CB-8F63-A6FA559DD4D3}.AppStore|x86.Build.0 = Release|x86
		{F0D688E7-AE57-49CB-8F63-A6FA559DD4D3}.Debug|Any CPU.ActiveCfg = Debug|x64
		{F0D688E7-AE57-49CB-8F63-A6FA559DD4D3}.Debug|Any CPU.Build.0 = Debug|x64
		{F0D688E7-AE57-49CB-8F63-A6FA559DD4D3}.Debug|iPhone.ActiveCfg = Debug|Any CPU
		{F0D688E7-AE57-49CB-8F63-A6FA559DD4D3}.Debug|iPhone.Build.0 = Debug|Any CPU
		{F0D688E7-AE57-49CB-8F63-A6FA559DD4D3}.Debug|iPhoneSimulator.ActiveCfg = Debug|Any CPU
		{F0D688E7-AE57-49CB-8F63-A6FA559DD4D3}.Debug|iPhoneSimulator.Build.0 = Debug|Any CPU
		{F0D688E7-AE57-49CB-8F63-A6FA559DD4D3}.Debug|x64.ActiveCfg = Debug|x64
		{F0D688E7-AE57-49CB-8F63-A6FA559DD4D3}.Debug|x64.Build.0 = Debug|x64
		{F0D688E7-AE57-49CB-8F63-A6FA559DD4D3}.Debug|x86.ActiveCfg = Debug|x86
		{F0D688E7-AE57-49CB-8F63-A6FA559DD4D3}.Debug|x86.Build.0 = Debug|x86
		{F0D688E7-AE57-49CB-8F63-A6FA559DD4D3}.Release|Any CPU.ActiveCfg = Release|Any CPU
		{F0D688E7-AE57-49CB-8F63-A6FA559DD4D3}.Release|Any CPU.Build.0 = Release|Any CPU
		{F0D688E7-AE57-49CB-8F63-A6FA559DD4D3}.Release|iPhone.ActiveCfg = Release|Any CPU
		{F0D688E7-AE57-49CB-8F63-A6FA559DD4D3}.Release|iPhone.Build.0 = Release|Any CPU
		{F0D688E7-AE57-49CB-8F63-A6FA559DD4D3}.Release|iPhoneSimulator.ActiveCfg = Release|Any CPU
		{F0D688E7-AE57-49CB-8F63-A6FA559DD4D3}.Release|iPhoneSimulator.Build.0 = Release|Any CPU
		{F0D688E7-AE57-49CB-8F63-A6FA559DD4D3}.Release|x64.ActiveCfg = Release|Any CPU
		{F0D688E7-AE57-49CB-8F63-A6FA559DD4D3}.Release|x64.Build.0 = Release|Any CPU
		{F0D688E7-AE57-49CB-8F63-A6FA559DD4D3}.Release|x86.ActiveCfg = Release|Any CPU
		{F0D688E7-AE57-49CB-8F63-A6FA559DD4D3}.Release|x86.Build.0 = Release|Any CPU
		{F82E9CDB-6147-4E31-B586-630CDD73DCA7}.Ad-Hoc|Any CPU.ActiveCfg = Release|Any CPU
		{F82E9CDB-6147-4E31-B586-630CDD73DCA7}.Ad-Hoc|Any CPU.Build.0 = Release|Any CPU
		{F82E9CDB-6147-4E31-B586-630CDD73DCA7}.Ad-Hoc|iPhone.ActiveCfg = Release|Any CPU
		{F82E9CDB-6147-4E31-B586-630CDD73DCA7}.Ad-Hoc|iPhone.Build.0 = Release|Any CPU
		{F82E9CDB-6147-4E31-B586-630CDD73DCA7}.Ad-Hoc|iPhoneSimulator.ActiveCfg = Release|Any CPU
		{F82E9CDB-6147-4E31-B586-630CDD73DCA7}.Ad-Hoc|iPhoneSimulator.Build.0 = Release|Any CPU
		{F82E9CDB-6147-4E31-B586-630CDD73DCA7}.Ad-Hoc|x64.ActiveCfg = Release|Any CPU
		{F82E9CDB-6147-4E31-B586-630CDD73DCA7}.Ad-Hoc|x64.Build.0 = Release|Any CPU
		{F82E9CDB-6147-4E31-B586-630CDD73DCA7}.Ad-Hoc|x86.ActiveCfg = Release|Any CPU
		{F82E9CDB-6147-4E31-B586-630CDD73DCA7}.Ad-Hoc|x86.Build.0 = Release|Any CPU
		{F82E9CDB-6147-4E31-B586-630CDD73DCA7}.AppStore|Any CPU.ActiveCfg = Release|Any CPU
		{F82E9CDB-6147-4E31-B586-630CDD73DCA7}.AppStore|Any CPU.Build.0 = Release|Any CPU
		{F82E9CDB-6147-4E31-B586-630CDD73DCA7}.AppStore|iPhone.ActiveCfg = Release|Any CPU
		{F82E9CDB-6147-4E31-B586-630CDD73DCA7}.AppStore|iPhone.Build.0 = Release|Any CPU
		{F82E9CDB-6147-4E31-B586-630CDD73DCA7}.AppStore|iPhoneSimulator.ActiveCfg = Release|Any CPU
		{F82E9CDB-6147-4E31-B586-630CDD73DCA7}.AppStore|iPhoneSimulator.Build.0 = Release|Any CPU
		{F82E9CDB-6147-4E31-B586-630CDD73DCA7}.AppStore|x64.ActiveCfg = Release|Any CPU
		{F82E9CDB-6147-4E31-B586-630CDD73DCA7}.AppStore|x64.Build.0 = Release|Any CPU
		{F82E9CDB-6147-4E31-B586-630CDD73DCA7}.AppStore|x86.ActiveCfg = Release|Any CPU
		{F82E9CDB-6147-4E31-B586-630CDD73DCA7}.AppStore|x86.Build.0 = Release|Any CPU
		{F82E9CDB-6147-4E31-B586-630CDD73DCA7}.Debug|Any CPU.ActiveCfg = Debug|Any CPU
		{F82E9CDB-6147-4E31-B586-630CDD73DCA7}.Debug|Any CPU.Build.0 = Debug|Any CPU
		{F82E9CDB-6147-4E31-B586-630CDD73DCA7}.Debug|iPhone.ActiveCfg = Debug|Any CPU
		{F82E9CDB-6147-4E31-B586-630CDD73DCA7}.Debug|iPhone.Build.0 = Debug|Any CPU
		{F82E9CDB-6147-4E31-B586-630CDD73DCA7}.Debug|iPhoneSimulator.ActiveCfg = Debug|Any CPU
		{F82E9CDB-6147-4E31-B586-630CDD73DCA7}.Debug|iPhoneSimulator.Build.0 = Debug|Any CPU
		{F82E9CDB-6147-4E31-B586-630CDD73DCA7}.Debug|x64.ActiveCfg = Debug|Any CPU
		{F82E9CDB-6147-4E31-B586-630CDD73DCA7}.Debug|x64.Build.0 = Debug|Any CPU
		{F82E9CDB-6147-4E31-B586-630CDD73DCA7}.Debug|x86.ActiveCfg = Debug|Any CPU
		{F82E9CDB-6147-4E31-B586-630CDD73DCA7}.Debug|x86.Build.0 = Debug|Any CPU
		{F82E9CDB-6147-4E31-B586-630CDD73DCA7}.Release|Any CPU.ActiveCfg = Release|Any CPU
		{F82E9CDB-6147-4E31-B586-630CDD73DCA7}.Release|Any CPU.Build.0 = Release|Any CPU
		{F82E9CDB-6147-4E31-B586-630CDD73DCA7}.Release|iPhone.ActiveCfg = Release|Any CPU
		{F82E9CDB-6147-4E31-B586-630CDD73DCA7}.Release|iPhone.Build.0 = Release|Any CPU
		{F82E9CDB-6147-4E31-B586-630CDD73DCA7}.Release|iPhoneSimulator.ActiveCfg = Release|Any CPU
		{F82E9CDB-6147-4E31-B586-630CDD73DCA7}.Release|iPhoneSimulator.Build.0 = Release|Any CPU
		{F82E9CDB-6147-4E31-B586-630CDD73DCA7}.Release|x64.ActiveCfg = Release|Any CPU
		{F82E9CDB-6147-4E31-B586-630CDD73DCA7}.Release|x64.Build.0 = Release|Any CPU
		{F82E9CDB-6147-4E31-B586-630CDD73DCA7}.Release|x86.ActiveCfg = Release|Any CPU
		{F82E9CDB-6147-4E31-B586-630CDD73DCA7}.Release|x86.Build.0 = Release|Any CPU
		{6A780F38-9B4D-4B08-A502-38B0941F248E}.Ad-Hoc|Any CPU.ActiveCfg = Release|Any CPU
		{6A780F38-9B4D-4B08-A502-38B0941F248E}.Ad-Hoc|Any CPU.Build.0 = Release|Any CPU
		{6A780F38-9B4D-4B08-A502-38B0941F248E}.Ad-Hoc|Any CPU.Deploy.0 = Release|Any CPU
		{6A780F38-9B4D-4B08-A502-38B0941F248E}.Ad-Hoc|iPhone.ActiveCfg = Release|Any CPU
		{6A780F38-9B4D-4B08-A502-38B0941F248E}.Ad-Hoc|iPhone.Build.0 = Release|Any CPU
		{6A780F38-9B4D-4B08-A502-38B0941F248E}.Ad-Hoc|iPhone.Deploy.0 = Release|Any CPU
		{6A780F38-9B4D-4B08-A502-38B0941F248E}.Ad-Hoc|iPhoneSimulator.ActiveCfg = Release|Any CPU
		{6A780F38-9B4D-4B08-A502-38B0941F248E}.Ad-Hoc|iPhoneSimulator.Build.0 = Release|Any CPU
		{6A780F38-9B4D-4B08-A502-38B0941F248E}.Ad-Hoc|iPhoneSimulator.Deploy.0 = Release|Any CPU
		{6A780F38-9B4D-4B08-A502-38B0941F248E}.Ad-Hoc|x64.ActiveCfg = Release|Any CPU
		{6A780F38-9B4D-4B08-A502-38B0941F248E}.Ad-Hoc|x64.Build.0 = Release|Any CPU
		{6A780F38-9B4D-4B08-A502-38B0941F248E}.Ad-Hoc|x64.Deploy.0 = Release|Any CPU
		{6A780F38-9B4D-4B08-A502-38B0941F248E}.Ad-Hoc|x86.ActiveCfg = Release|Any CPU
		{6A780F38-9B4D-4B08-A502-38B0941F248E}.Ad-Hoc|x86.Build.0 = Release|Any CPU
		{6A780F38-9B4D-4B08-A502-38B0941F248E}.Ad-Hoc|x86.Deploy.0 = Release|Any CPU
		{6A780F38-9B4D-4B08-A502-38B0941F248E}.AppStore|Any CPU.ActiveCfg = Release|Any CPU
		{6A780F38-9B4D-4B08-A502-38B0941F248E}.AppStore|Any CPU.Build.0 = Release|Any CPU
		{6A780F38-9B4D-4B08-A502-38B0941F248E}.AppStore|Any CPU.Deploy.0 = Release|Any CPU
		{6A780F38-9B4D-4B08-A502-38B0941F248E}.AppStore|iPhone.ActiveCfg = Release|Any CPU
		{6A780F38-9B4D-4B08-A502-38B0941F248E}.AppStore|iPhone.Build.0 = Release|Any CPU
		{6A780F38-9B4D-4B08-A502-38B0941F248E}.AppStore|iPhone.Deploy.0 = Release|Any CPU
		{6A780F38-9B4D-4B08-A502-38B0941F248E}.AppStore|iPhoneSimulator.ActiveCfg = Release|Any CPU
		{6A780F38-9B4D-4B08-A502-38B0941F248E}.AppStore|iPhoneSimulator.Build.0 = Release|Any CPU
		{6A780F38-9B4D-4B08-A502-38B0941F248E}.AppStore|iPhoneSimulator.Deploy.0 = Release|Any CPU
		{6A780F38-9B4D-4B08-A502-38B0941F248E}.AppStore|x64.ActiveCfg = Release|Any CPU
		{6A780F38-9B4D-4B08-A502-38B0941F248E}.AppStore|x64.Build.0 = Release|Any CPU
		{6A780F38-9B4D-4B08-A502-38B0941F248E}.AppStore|x64.Deploy.0 = Release|Any CPU
		{6A780F38-9B4D-4B08-A502-38B0941F248E}.AppStore|x86.ActiveCfg = Release|Any CPU
		{6A780F38-9B4D-4B08-A502-38B0941F248E}.AppStore|x86.Build.0 = Release|Any CPU
		{6A780F38-9B4D-4B08-A502-38B0941F248E}.AppStore|x86.Deploy.0 = Release|Any CPU
		{6A780F38-9B4D-4B08-A502-38B0941F248E}.Debug|Any CPU.ActiveCfg = Debug|Any CPU
		{6A780F38-9B4D-4B08-A502-38B0941F248E}.Debug|Any CPU.Build.0 = Debug|Any CPU
		{6A780F38-9B4D-4B08-A502-38B0941F248E}.Debug|Any CPU.Deploy.0 = Debug|Any CPU
		{6A780F38-9B4D-4B08-A502-38B0941F248E}.Debug|iPhone.ActiveCfg = Debug|Any CPU
		{6A780F38-9B4D-4B08-A502-38B0941F248E}.Debug|iPhone.Build.0 = Debug|Any CPU
		{6A780F38-9B4D-4B08-A502-38B0941F248E}.Debug|iPhone.Deploy.0 = Debug|Any CPU
		{6A780F38-9B4D-4B08-A502-38B0941F248E}.Debug|iPhoneSimulator.ActiveCfg = Debug|Any CPU
		{6A780F38-9B4D-4B08-A502-38B0941F248E}.Debug|iPhoneSimulator.Build.0 = Debug|Any CPU
		{6A780F38-9B4D-4B08-A502-38B0941F248E}.Debug|iPhoneSimulator.Deploy.0 = Debug|Any CPU
		{6A780F38-9B4D-4B08-A502-38B0941F248E}.Debug|x64.ActiveCfg = Debug|Any CPU
		{6A780F38-9B4D-4B08-A502-38B0941F248E}.Debug|x64.Build.0 = Debug|Any CPU
		{6A780F38-9B4D-4B08-A502-38B0941F248E}.Debug|x64.Deploy.0 = Debug|Any CPU
		{6A780F38-9B4D-4B08-A502-38B0941F248E}.Debug|x86.ActiveCfg = Debug|Any CPU
		{6A780F38-9B4D-4B08-A502-38B0941F248E}.Debug|x86.Build.0 = Debug|Any CPU
		{6A780F38-9B4D-4B08-A502-38B0941F248E}.Debug|x86.Deploy.0 = Debug|Any CPU
		{6A780F38-9B4D-4B08-A502-38B0941F248E}.Release|Any CPU.ActiveCfg = Release|Any CPU
		{6A780F38-9B4D-4B08-A502-38B0941F248E}.Release|Any CPU.Build.0 = Release|Any CPU
		{6A780F38-9B4D-4B08-A502-38B0941F248E}.Release|Any CPU.Deploy.0 = Release|Any CPU
		{6A780F38-9B4D-4B08-A502-38B0941F248E}.Release|iPhone.ActiveCfg = Release|Any CPU
		{6A780F38-9B4D-4B08-A502-38B0941F248E}.Release|iPhone.Build.0 = Release|Any CPU
		{6A780F38-9B4D-4B08-A502-38B0941F248E}.Release|iPhone.Deploy.0 = Release|Any CPU
		{6A780F38-9B4D-4B08-A502-38B0941F248E}.Release|iPhoneSimulator.ActiveCfg = Release|Any CPU
		{6A780F38-9B4D-4B08-A502-38B0941F248E}.Release|iPhoneSimulator.Build.0 = Release|Any CPU
		{6A780F38-9B4D-4B08-A502-38B0941F248E}.Release|iPhoneSimulator.Deploy.0 = Release|Any CPU
		{6A780F38-9B4D-4B08-A502-38B0941F248E}.Release|x64.ActiveCfg = Release|Any CPU
		{6A780F38-9B4D-4B08-A502-38B0941F248E}.Release|x64.Build.0 = Release|Any CPU
		{6A780F38-9B4D-4B08-A502-38B0941F248E}.Release|x64.Deploy.0 = Release|Any CPU
		{6A780F38-9B4D-4B08-A502-38B0941F248E}.Release|x86.ActiveCfg = Release|Any CPU
		{6A780F38-9B4D-4B08-A502-38B0941F248E}.Release|x86.Build.0 = Release|Any CPU
		{6A780F38-9B4D-4B08-A502-38B0941F248E}.Release|x86.Deploy.0 = Release|Any CPU
		{314FD3F9-FFAC-4873-8558-9B5CB3E99732}.Ad-Hoc|Any CPU.ActiveCfg = Debug|Any CPU
		{314FD3F9-FFAC-4873-8558-9B5CB3E99732}.Ad-Hoc|Any CPU.Build.0 = Debug|Any CPU
		{314FD3F9-FFAC-4873-8558-9B5CB3E99732}.Ad-Hoc|iPhone.ActiveCfg = Debug|Any CPU
		{314FD3F9-FFAC-4873-8558-9B5CB3E99732}.Ad-Hoc|iPhone.Build.0 = Debug|Any CPU
		{314FD3F9-FFAC-4873-8558-9B5CB3E99732}.Ad-Hoc|iPhoneSimulator.ActiveCfg = Debug|Any CPU
		{314FD3F9-FFAC-4873-8558-9B5CB3E99732}.Ad-Hoc|iPhoneSimulator.Build.0 = Debug|Any CPU
		{314FD3F9-FFAC-4873-8558-9B5CB3E99732}.Ad-Hoc|x64.ActiveCfg = Debug|Any CPU
		{314FD3F9-FFAC-4873-8558-9B5CB3E99732}.Ad-Hoc|x64.Build.0 = Debug|Any CPU
		{314FD3F9-FFAC-4873-8558-9B5CB3E99732}.Ad-Hoc|x86.ActiveCfg = Debug|Any CPU
		{314FD3F9-FFAC-4873-8558-9B5CB3E99732}.Ad-Hoc|x86.Build.0 = Debug|Any CPU
		{314FD3F9-FFAC-4873-8558-9B5CB3E99732}.AppStore|Any CPU.ActiveCfg = Debug|Any CPU
		{314FD3F9-FFAC-4873-8558-9B5CB3E99732}.AppStore|Any CPU.Build.0 = Debug|Any CPU
		{314FD3F9-FFAC-4873-8558-9B5CB3E99732}.AppStore|iPhone.ActiveCfg = Debug|Any CPU
		{314FD3F9-FFAC-4873-8558-9B5CB3E99732}.AppStore|iPhone.Build.0 = Debug|Any CPU
		{314FD3F9-FFAC-4873-8558-9B5CB3E99732}.AppStore|iPhoneSimulator.ActiveCfg = Debug|Any CPU
		{314FD3F9-FFAC-4873-8558-9B5CB3E99732}.AppStore|iPhoneSimulator.Build.0 = Debug|Any CPU
		{314FD3F9-FFAC-4873-8558-9B5CB3E99732}.AppStore|x64.ActiveCfg = Debug|Any CPU
		{314FD3F9-FFAC-4873-8558-9B5CB3E99732}.AppStore|x64.Build.0 = Debug|Any CPU
		{314FD3F9-FFAC-4873-8558-9B5CB3E99732}.AppStore|x86.ActiveCfg = Debug|Any CPU
		{314FD3F9-FFAC-4873-8558-9B5CB3E99732}.AppStore|x86.Build.0 = Debug|Any CPU
		{314FD3F9-FFAC-4873-8558-9B5CB3E99732}.Debug|Any CPU.ActiveCfg = Debug|Any CPU
		{314FD3F9-FFAC-4873-8558-9B5CB3E99732}.Debug|Any CPU.Build.0 = Debug|Any CPU
		{314FD3F9-FFAC-4873-8558-9B5CB3E99732}.Debug|iPhone.ActiveCfg = Debug|Any CPU
		{314FD3F9-FFAC-4873-8558-9B5CB3E99732}.Debug|iPhone.Build.0 = Debug|Any CPU
		{314FD3F9-FFAC-4873-8558-9B5CB3E99732}.Debug|iPhoneSimulator.ActiveCfg = Debug|Any CPU
		{314FD3F9-FFAC-4873-8558-9B5CB3E99732}.Debug|iPhoneSimulator.Build.0 = Debug|Any CPU
		{314FD3F9-FFAC-4873-8558-9B5CB3E99732}.Debug|x64.ActiveCfg = Debug|Any CPU
		{314FD3F9-FFAC-4873-8558-9B5CB3E99732}.Debug|x64.Build.0 = Debug|Any CPU
		{314FD3F9-FFAC-4873-8558-9B5CB3E99732}.Debug|x86.ActiveCfg = Debug|Any CPU
		{314FD3F9-FFAC-4873-8558-9B5CB3E99732}.Debug|x86.Build.0 = Debug|Any CPU
		{314FD3F9-FFAC-4873-8558-9B5CB3E99732}.Release|Any CPU.ActiveCfg = Release|Any CPU
		{314FD3F9-FFAC-4873-8558-9B5CB3E99732}.Release|Any CPU.Build.0 = Release|Any CPU
		{314FD3F9-FFAC-4873-8558-9B5CB3E99732}.Release|iPhone.ActiveCfg = Release|Any CPU
		{314FD3F9-FFAC-4873-8558-9B5CB3E99732}.Release|iPhone.Build.0 = Release|Any CPU
		{314FD3F9-FFAC-4873-8558-9B5CB3E99732}.Release|iPhoneSimulator.ActiveCfg = Release|Any CPU
		{314FD3F9-FFAC-4873-8558-9B5CB3E99732}.Release|iPhoneSimulator.Build.0 = Release|Any CPU
		{314FD3F9-FFAC-4873-8558-9B5CB3E99732}.Release|x64.ActiveCfg = Release|Any CPU
		{314FD3F9-FFAC-4873-8558-9B5CB3E99732}.Release|x64.Build.0 = Release|Any CPU
		{314FD3F9-FFAC-4873-8558-9B5CB3E99732}.Release|x86.ActiveCfg = Release|Any CPU
		{314FD3F9-FFAC-4873-8558-9B5CB3E99732}.Release|x86.Build.0 = Release|Any CPU
		{D719574F-55A8-43E7-BF12-89FFB29CE494}.Ad-Hoc|Any CPU.ActiveCfg = Debug|Any CPU
		{D719574F-55A8-43E7-BF12-89FFB29CE494}.Ad-Hoc|Any CPU.Build.0 = Debug|Any CPU
		{D719574F-55A8-43E7-BF12-89FFB29CE494}.Ad-Hoc|iPhone.ActiveCfg = Debug|Any CPU
		{D719574F-55A8-43E7-BF12-89FFB29CE494}.Ad-Hoc|iPhone.Build.0 = Debug|Any CPU
		{D719574F-55A8-43E7-BF12-89FFB29CE494}.Ad-Hoc|iPhoneSimulator.ActiveCfg = Debug|Any CPU
		{D719574F-55A8-43E7-BF12-89FFB29CE494}.Ad-Hoc|iPhoneSimulator.Build.0 = Debug|Any CPU
		{D719574F-55A8-43E7-BF12-89FFB29CE494}.Ad-Hoc|x64.ActiveCfg = Debug|Any CPU
		{D719574F-55A8-43E7-BF12-89FFB29CE494}.Ad-Hoc|x64.Build.0 = Debug|Any CPU
		{D719574F-55A8-43E7-BF12-89FFB29CE494}.Ad-Hoc|x86.ActiveCfg = Debug|Any CPU
		{D719574F-55A8-43E7-BF12-89FFB29CE494}.Ad-Hoc|x86.Build.0 = Debug|Any CPU
		{D719574F-55A8-43E7-BF12-89FFB29CE494}.AppStore|Any CPU.ActiveCfg = Debug|Any CPU
		{D719574F-55A8-43E7-BF12-89FFB29CE494}.AppStore|Any CPU.Build.0 = Debug|Any CPU
		{D719574F-55A8-43E7-BF12-89FFB29CE494}.AppStore|iPhone.ActiveCfg = Debug|Any CPU
		{D719574F-55A8-43E7-BF12-89FFB29CE494}.AppStore|iPhone.Build.0 = Debug|Any CPU
		{D719574F-55A8-43E7-BF12-89FFB29CE494}.AppStore|iPhoneSimulator.ActiveCfg = Debug|Any CPU
		{D719574F-55A8-43E7-BF12-89FFB29CE494}.AppStore|iPhoneSimulator.Build.0 = Debug|Any CPU
		{D719574F-55A8-43E7-BF12-89FFB29CE494}.AppStore|x64.ActiveCfg = Debug|Any CPU
		{D719574F-55A8-43E7-BF12-89FFB29CE494}.AppStore|x64.Build.0 = Debug|Any CPU
		{D719574F-55A8-43E7-BF12-89FFB29CE494}.AppStore|x86.ActiveCfg = Debug|Any CPU
		{D719574F-55A8-43E7-BF12-89FFB29CE494}.AppStore|x86.Build.0 = Debug|Any CPU
		{D719574F-55A8-43E7-BF12-89FFB29CE494}.Debug|Any CPU.ActiveCfg = Debug|Any CPU
		{D719574F-55A8-43E7-BF12-89FFB29CE494}.Debug|Any CPU.Build.0 = Debug|Any CPU
		{D719574F-55A8-43E7-BF12-89FFB29CE494}.Debug|iPhone.ActiveCfg = Debug|Any CPU
		{D719574F-55A8-43E7-BF12-89FFB29CE494}.Debug|iPhone.Build.0 = Debug|Any CPU
		{D719574F-55A8-43E7-BF12-89FFB29CE494}.Debug|iPhoneSimulator.ActiveCfg = Debug|Any CPU
		{D719574F-55A8-43E7-BF12-89FFB29CE494}.Debug|iPhoneSimulator.Build.0 = Debug|Any CPU
		{D719574F-55A8-43E7-BF12-89FFB29CE494}.Debug|x64.ActiveCfg = Debug|Any CPU
		{D719574F-55A8-43E7-BF12-89FFB29CE494}.Debug|x64.Build.0 = Debug|Any CPU
		{D719574F-55A8-43E7-BF12-89FFB29CE494}.Debug|x86.ActiveCfg = Debug|Any CPU
		{D719574F-55A8-43E7-BF12-89FFB29CE494}.Debug|x86.Build.0 = Debug|Any CPU
		{D719574F-55A8-43E7-BF12-89FFB29CE494}.Release|Any CPU.ActiveCfg = Release|Any CPU
		{D719574F-55A8-43E7-BF12-89FFB29CE494}.Release|Any CPU.Build.0 = Release|Any CPU
		{D719574F-55A8-43E7-BF12-89FFB29CE494}.Release|iPhone.ActiveCfg = Release|Any CPU
		{D719574F-55A8-43E7-BF12-89FFB29CE494}.Release|iPhone.Build.0 = Release|Any CPU
		{D719574F-55A8-43E7-BF12-89FFB29CE494}.Release|iPhoneSimulator.ActiveCfg = Release|Any CPU
		{D719574F-55A8-43E7-BF12-89FFB29CE494}.Release|iPhoneSimulator.Build.0 = Release|Any CPU
		{D719574F-55A8-43E7-BF12-89FFB29CE494}.Release|x64.ActiveCfg = Release|Any CPU
		{D719574F-55A8-43E7-BF12-89FFB29CE494}.Release|x64.Build.0 = Release|Any CPU
		{D719574F-55A8-43E7-BF12-89FFB29CE494}.Release|x86.ActiveCfg = Release|Any CPU
		{D719574F-55A8-43E7-BF12-89FFB29CE494}.Release|x86.Build.0 = Release|Any CPU
		{ADA2788C-7EB5-47B0-84F2-8B420B77356B}.Ad-Hoc|Any CPU.ActiveCfg = Debug|Any CPU
		{ADA2788C-7EB5-47B0-84F2-8B420B77356B}.Ad-Hoc|Any CPU.Build.0 = Debug|Any CPU
		{ADA2788C-7EB5-47B0-84F2-8B420B77356B}.Ad-Hoc|iPhone.ActiveCfg = Debug|Any CPU
		{ADA2788C-7EB5-47B0-84F2-8B420B77356B}.Ad-Hoc|iPhone.Build.0 = Debug|Any CPU
		{ADA2788C-7EB5-47B0-84F2-8B420B77356B}.Ad-Hoc|iPhoneSimulator.ActiveCfg = Debug|Any CPU
		{ADA2788C-7EB5-47B0-84F2-8B420B77356B}.Ad-Hoc|iPhoneSimulator.Build.0 = Debug|Any CPU
		{ADA2788C-7EB5-47B0-84F2-8B420B77356B}.Ad-Hoc|x64.ActiveCfg = Debug|Any CPU
		{ADA2788C-7EB5-47B0-84F2-8B420B77356B}.Ad-Hoc|x64.Build.0 = Debug|Any CPU
		{ADA2788C-7EB5-47B0-84F2-8B420B77356B}.Ad-Hoc|x86.ActiveCfg = Debug|Any CPU
		{ADA2788C-7EB5-47B0-84F2-8B420B77356B}.Ad-Hoc|x86.Build.0 = Debug|Any CPU
		{ADA2788C-7EB5-47B0-84F2-8B420B77356B}.AppStore|Any CPU.ActiveCfg = Debug|Any CPU
		{ADA2788C-7EB5-47B0-84F2-8B420B77356B}.AppStore|Any CPU.Build.0 = Debug|Any CPU
		{ADA2788C-7EB5-47B0-84F2-8B420B77356B}.AppStore|iPhone.ActiveCfg = Debug|Any CPU
		{ADA2788C-7EB5-47B0-84F2-8B420B77356B}.AppStore|iPhone.Build.0 = Debug|Any CPU
		{ADA2788C-7EB5-47B0-84F2-8B420B77356B}.AppStore|iPhoneSimulator.ActiveCfg = Debug|Any CPU
		{ADA2788C-7EB5-47B0-84F2-8B420B77356B}.AppStore|iPhoneSimulator.Build.0 = Debug|Any CPU
		{ADA2788C-7EB5-47B0-84F2-8B420B77356B}.AppStore|x64.ActiveCfg = Debug|Any CPU
		{ADA2788C-7EB5-47B0-84F2-8B420B77356B}.AppStore|x64.Build.0 = Debug|Any CPU
		{ADA2788C-7EB5-47B0-84F2-8B420B77356B}.AppStore|x86.ActiveCfg = Debug|Any CPU
		{ADA2788C-7EB5-47B0-84F2-8B420B77356B}.AppStore|x86.Build.0 = Debug|Any CPU
		{ADA2788C-7EB5-47B0-84F2-8B420B77356B}.Debug|Any CPU.ActiveCfg = Debug|Any CPU
		{ADA2788C-7EB5-47B0-84F2-8B420B77356B}.Debug|Any CPU.Build.0 = Debug|Any CPU
		{ADA2788C-7EB5-47B0-84F2-8B420B77356B}.Debug|iPhone.ActiveCfg = Debug|Any CPU
		{ADA2788C-7EB5-47B0-84F2-8B420B77356B}.Debug|iPhone.Build.0 = Debug|Any CPU
		{ADA2788C-7EB5-47B0-84F2-8B420B77356B}.Debug|iPhoneSimulator.ActiveCfg = Debug|Any CPU
		{ADA2788C-7EB5-47B0-84F2-8B420B77356B}.Debug|iPhoneSimulator.Build.0 = Debug|Any CPU
		{ADA2788C-7EB5-47B0-84F2-8B420B77356B}.Debug|x64.ActiveCfg = Debug|Any CPU
		{ADA2788C-7EB5-47B0-84F2-8B420B77356B}.Debug|x64.Build.0 = Debug|Any CPU
		{ADA2788C-7EB5-47B0-84F2-8B420B77356B}.Debug|x86.ActiveCfg = Debug|Any CPU
		{ADA2788C-7EB5-47B0-84F2-8B420B77356B}.Debug|x86.Build.0 = Debug|Any CPU
		{ADA2788C-7EB5-47B0-84F2-8B420B77356B}.Release|Any CPU.ActiveCfg = Release|Any CPU
		{ADA2788C-7EB5-47B0-84F2-8B420B77356B}.Release|Any CPU.Build.0 = Release|Any CPU
		{ADA2788C-7EB5-47B0-84F2-8B420B77356B}.Release|iPhone.ActiveCfg = Release|Any CPU
		{ADA2788C-7EB5-47B0-84F2-8B420B77356B}.Release|iPhone.Build.0 = Release|Any CPU
		{ADA2788C-7EB5-47B0-84F2-8B420B77356B}.Release|iPhoneSimulator.ActiveCfg = Release|Any CPU
		{ADA2788C-7EB5-47B0-84F2-8B420B77356B}.Release|iPhoneSimulator.Build.0 = Release|Any CPU
		{ADA2788C-7EB5-47B0-84F2-8B420B77356B}.Release|x64.ActiveCfg = Release|Any CPU
		{ADA2788C-7EB5-47B0-84F2-8B420B77356B}.Release|x64.Build.0 = Release|Any CPU
		{ADA2788C-7EB5-47B0-84F2-8B420B77356B}.Release|x86.ActiveCfg = Release|Any CPU
		{ADA2788C-7EB5-47B0-84F2-8B420B77356B}.Release|x86.Build.0 = Release|Any CPU
		{F50D171B-E602-40C8-ACD8-5F63EC6FD951}.Ad-Hoc|Any CPU.ActiveCfg = Debug|Any CPU
		{F50D171B-E602-40C8-ACD8-5F63EC6FD951}.Ad-Hoc|Any CPU.Build.0 = Debug|Any CPU
		{F50D171B-E602-40C8-ACD8-5F63EC6FD951}.Ad-Hoc|iPhone.ActiveCfg = Debug|Any CPU
		{F50D171B-E602-40C8-ACD8-5F63EC6FD951}.Ad-Hoc|iPhone.Build.0 = Debug|Any CPU
		{F50D171B-E602-40C8-ACD8-5F63EC6FD951}.Ad-Hoc|iPhoneSimulator.ActiveCfg = Debug|Any CPU
		{F50D171B-E602-40C8-ACD8-5F63EC6FD951}.Ad-Hoc|iPhoneSimulator.Build.0 = Debug|Any CPU
		{F50D171B-E602-40C8-ACD8-5F63EC6FD951}.Ad-Hoc|x64.ActiveCfg = Debug|Any CPU
		{F50D171B-E602-40C8-ACD8-5F63EC6FD951}.Ad-Hoc|x64.Build.0 = Debug|Any CPU
		{F50D171B-E602-40C8-ACD8-5F63EC6FD951}.Ad-Hoc|x86.ActiveCfg = Debug|Any CPU
		{F50D171B-E602-40C8-ACD8-5F63EC6FD951}.Ad-Hoc|x86.Build.0 = Debug|Any CPU
		{F50D171B-E602-40C8-ACD8-5F63EC6FD951}.AppStore|Any CPU.ActiveCfg = Debug|Any CPU
		{F50D171B-E602-40C8-ACD8-5F63EC6FD951}.AppStore|Any CPU.Build.0 = Debug|Any CPU
		{F50D171B-E602-40C8-ACD8-5F63EC6FD951}.AppStore|iPhone.ActiveCfg = Debug|Any CPU
		{F50D171B-E602-40C8-ACD8-5F63EC6FD951}.AppStore|iPhone.Build.0 = Debug|Any CPU
		{F50D171B-E602-40C8-ACD8-5F63EC6FD951}.AppStore|iPhoneSimulator.ActiveCfg = Debug|Any CPU
		{F50D171B-E602-40C8-ACD8-5F63EC6FD951}.AppStore|iPhoneSimulator.Build.0 = Debug|Any CPU
		{F50D171B-E602-40C8-ACD8-5F63EC6FD951}.AppStore|x64.ActiveCfg = Debug|Any CPU
		{F50D171B-E602-40C8-ACD8-5F63EC6FD951}.AppStore|x64.Build.0 = Debug|Any CPU
		{F50D171B-E602-40C8-ACD8-5F63EC6FD951}.AppStore|x86.ActiveCfg = Debug|Any CPU
		{F50D171B-E602-40C8-ACD8-5F63EC6FD951}.AppStore|x86.Build.0 = Debug|Any CPU
		{F50D171B-E602-40C8-ACD8-5F63EC6FD951}.Debug|Any CPU.ActiveCfg = Debug|Any CPU
		{F50D171B-E602-40C8-ACD8-5F63EC6FD951}.Debug|Any CPU.Build.0 = Debug|Any CPU
		{F50D171B-E602-40C8-ACD8-5F63EC6FD951}.Debug|iPhone.ActiveCfg = Debug|Any CPU
		{F50D171B-E602-40C8-ACD8-5F63EC6FD951}.Debug|iPhone.Build.0 = Debug|Any CPU
		{F50D171B-E602-40C8-ACD8-5F63EC6FD951}.Debug|iPhoneSimulator.ActiveCfg = Debug|Any CPU
		{F50D171B-E602-40C8-ACD8-5F63EC6FD951}.Debug|iPhoneSimulator.Build.0 = Debug|Any CPU
		{F50D171B-E602-40C8-ACD8-5F63EC6FD951}.Debug|x64.ActiveCfg = Debug|Any CPU
		{F50D171B-E602-40C8-ACD8-5F63EC6FD951}.Debug|x64.Build.0 = Debug|Any CPU
		{F50D171B-E602-40C8-ACD8-5F63EC6FD951}.Debug|x86.ActiveCfg = Debug|Any CPU
		{F50D171B-E602-40C8-ACD8-5F63EC6FD951}.Debug|x86.Build.0 = Debug|Any CPU
		{F50D171B-E602-40C8-ACD8-5F63EC6FD951}.Release|Any CPU.ActiveCfg = Release|Any CPU
		{F50D171B-E602-40C8-ACD8-5F63EC6FD951}.Release|Any CPU.Build.0 = Release|Any CPU
		{F50D171B-E602-40C8-ACD8-5F63EC6FD951}.Release|iPhone.ActiveCfg = Release|Any CPU
		{F50D171B-E602-40C8-ACD8-5F63EC6FD951}.Release|iPhone.Build.0 = Release|Any CPU
		{F50D171B-E602-40C8-ACD8-5F63EC6FD951}.Release|iPhoneSimulator.ActiveCfg = Release|Any CPU
		{F50D171B-E602-40C8-ACD8-5F63EC6FD951}.Release|iPhoneSimulator.Build.0 = Release|Any CPU
		{F50D171B-E602-40C8-ACD8-5F63EC6FD951}.Release|x64.ActiveCfg = Release|Any CPU
		{F50D171B-E602-40C8-ACD8-5F63EC6FD951}.Release|x64.Build.0 = Release|Any CPU
		{F50D171B-E602-40C8-ACD8-5F63EC6FD951}.Release|x86.ActiveCfg = Release|Any CPU
		{F50D171B-E602-40C8-ACD8-5F63EC6FD951}.Release|x86.Build.0 = Release|Any CPU
	EndGlobalSection
	GlobalSection(SolutionProperties) = preSolution
		HideSolutionNode = FALSE
	EndGlobalSection
	GlobalSection(ExtensibilityGlobals) = postSolution
		SolutionGuid = {3CFF11E6-03B6-44F5-A915-48DEB73E2F85}
	EndGlobalSection
EndGlobal
